// !$*UTF8*$!
{
	archiveVersion = 1;
	classes = {
	};
	objectVersion = 46;
	objects = {

/* Begin PBXBuildFile section */
		E11BEEE51A12CA4300FB774C /* AppDelegate.swift in Sources */ = {isa = PBXBuildFile; fileRef = E11BEEE41A12CA4300FB774C /* AppDelegate.swift */; };
		E11BEEE71A12CA4300FB774C /* ViewController.swift in Sources */ = {isa = PBXBuildFile; fileRef = E11BEEE61A12CA4300FB774C /* ViewController.swift */; };
		E11BEEEA1A12CA4300FB774C /* Main.storyboard in Resources */ = {isa = PBXBuildFile; fileRef = E11BEEE81A12CA4300FB774C /* Main.storyboard */; };
		E11BEEEC1A12CA4300FB774C /* Images.xcassets in Resources */ = {isa = PBXBuildFile; fileRef = E11BEEEB1A12CA4300FB774C /* Images.xcassets */; };
		E11BEEEF1A12CA4300FB774C /* LaunchScreen.xib in Resources */ = {isa = PBXBuildFile; fileRef = E11BEEED1A12CA4300FB774C /* LaunchScreen.xib */; };
		E11BEEFB1A12CA4300FB774C /* ShadowTests.swift in Sources */ = {isa = PBXBuildFile; fileRef = E11BEEFA1A12CA4300FB774C /* ShadowTests.swift */; };
		E11BEF0D1A12CAF100FB774C /* ShareViewController.swift in Sources */ = {isa = PBXBuildFile; fileRef = E11BEF0C1A12CAF100FB774C /* ShareViewController.swift */; };
		E11BEF0F1A12CAF100FB774C /* MainInterface.storyboard in Resources */ = {isa = PBXBuildFile; fileRef = E11BEF0E1A12CAF100FB774C /* MainInterface.storyboard */; };
		E11BEF121A12CAF100FB774C /* ShadowExtension.appex in Embed App Extensions */ = {isa = PBXBuildFile; fileRef = E11BEF081A12CAF100FB774C /* ShadowExtension.appex */; settings = {ATTRIBUTES = (RemoveHeadersOnCopy, ); }; };
		E11BEF181A1328FD00FB774C /* AudienceSelectionViewController.swift in Sources */ = {isa = PBXBuildFile; fileRef = E11BEF171A1328FD00FB774C /* AudienceSelectionViewController.swift */; };
		E11BEF1A1A132A4B00FB774C /* MainViewController.swift in Sources */ = {isa = PBXBuildFile; fileRef = E11BEF191A132A4B00FB774C /* MainViewController.swift */; };
		E11BEF1C1A132B4000FB774C /* SideBar.swift in Sources */ = {isa = PBXBuildFile; fileRef = E11BEF1B1A132B4000FB774C /* SideBar.swift */; };
		E11BEF1E1A132B5F00FB774C /* SideBarViewController.swift in Sources */ = {isa = PBXBuildFile; fileRef = E11BEF1D1A132B5F00FB774C /* SideBarViewController.swift */; };
		E11BEF251A1491CF00FB774C /* shadowplay_icon_76xa.png in Resources */ = {isa = PBXBuildFile; fileRef = E11BEF211A1491CF00FB774C /* shadowplay_icon_76xa.png */; };
		E11BEF261A1491CF00FB774C /* shadowplay_icon_120xa.png in Resources */ = {isa = PBXBuildFile; fileRef = E11BEF221A1491CF00FB774C /* shadowplay_icon_120xa.png */; };
		E11BEF271A1491CF00FB774C /* shadowplay_icon_152xa.png in Resources */ = {isa = PBXBuildFile; fileRef = E11BEF231A1491CF00FB774C /* shadowplay_icon_152xa.png */; };
		E11BEF281A1491CF00FB774C /* shadowplay_icon_180xa.png in Resources */ = {isa = PBXBuildFile; fileRef = E11BEF241A1491CF00FB774C /* shadowplay_icon_180xa.png */; };
		E11BEF2C1A14954D00FB774C /* CollectionViewCell.swift in Sources */ = {isa = PBXBuildFile; fileRef = E11BEF2B1A14954D00FB774C /* CollectionViewCell.swift */; };
		E11BEF2E1A1496F100FB774C /* CollectionViewController.swift in Sources */ = {isa = PBXBuildFile; fileRef = E11BEF2D1A1496F100FB774C /* CollectionViewController.swift */; };
/* End PBXBuildFile section */

/* Begin PBXContainerItemProxy section */
		E11BEEF51A12CA4300FB774C /* PBXContainerItemProxy */ = {
			isa = PBXContainerItemProxy;
			containerPortal = E11BEED71A12CA4300FB774C /* Project object */;
			proxyType = 1;
			remoteGlobalIDString = E11BEEDE1A12CA4300FB774C;
			remoteInfo = Shadow;
		};
		E11BEF101A12CAF100FB774C /* PBXContainerItemProxy */ = {
			isa = PBXContainerItemProxy;
			containerPortal = E11BEED71A12CA4300FB774C /* Project object */;
			proxyType = 1;
			remoteGlobalIDString = E11BEF071A12CAF100FB774C;
			remoteInfo = ShadowExtension;
		};
/* End PBXContainerItemProxy section */

/* Begin PBXCopyFilesBuildPhase section */
		E11BEF161A12CAF100FB774C /* Embed App Extensions */ = {
			isa = PBXCopyFilesBuildPhase;
			buildActionMask = 2147483647;
			dstPath = "";
			dstSubfolderSpec = 13;
			files = (
				E11BEF121A12CAF100FB774C /* ShadowExtension.appex in Embed App Extensions */,
			);
			name = "Embed App Extensions";
			runOnlyForDeploymentPostprocessing = 0;
		};
/* End PBXCopyFilesBuildPhase section */

/* Begin PBXFileReference section */
		E11BEEDF1A12CA4300FB774C /* Shadow.app */ = {isa = PBXFileReference; explicitFileType = wrapper.application; includeInIndex = 0; path = Shadow.app; sourceTree = BUILT_PRODUCTS_DIR; };
		E11BEEE31A12CA4300FB774C /* Info.plist */ = {isa = PBXFileReference; lastKnownFileType = text.plist.xml; path = Info.plist; sourceTree = "<group>"; };
		E11BEEE41A12CA4300FB774C /* AppDelegate.swift */ = {isa = PBXFileReference; lastKnownFileType = sourcecode.swift; path = AppDelegate.swift; sourceTree = "<group>"; };
		E11BEEE61A12CA4300FB774C /* ViewController.swift */ = {isa = PBXFileReference; lastKnownFileType = sourcecode.swift; path = ViewController.swift; sourceTree = "<group>"; };
		E11BEEE91A12CA4300FB774C /* Base */ = {isa = PBXFileReference; lastKnownFileType = file.storyboard; name = Base; path = Base.lproj/Main.storyboard; sourceTree = "<group>"; };
		E11BEEEB1A12CA4300FB774C /* Images.xcassets */ = {isa = PBXFileReference; lastKnownFileType = folder.assetcatalog; path = Images.xcassets; sourceTree = "<group>"; };
		E11BEEEE1A12CA4300FB774C /* Base */ = {isa = PBXFileReference; lastKnownFileType = file.xib; name = Base; path = Base.lproj/LaunchScreen.xib; sourceTree = "<group>"; };
		E11BEEF41A12CA4300FB774C /* ShadowTests.xctest */ = {isa = PBXFileReference; explicitFileType = wrapper.cfbundle; includeInIndex = 0; path = ShadowTests.xctest; sourceTree = BUILT_PRODUCTS_DIR; };
		E11BEEF91A12CA4300FB774C /* Info.plist */ = {isa = PBXFileReference; lastKnownFileType = text.plist.xml; path = Info.plist; sourceTree = "<group>"; };
		E11BEEFA1A12CA4300FB774C /* ShadowTests.swift */ = {isa = PBXFileReference; lastKnownFileType = sourcecode.swift; path = ShadowTests.swift; sourceTree = "<group>"; };
		E11BEF081A12CAF100FB774C /* ShadowExtension.appex */ = {isa = PBXFileReference; explicitFileType = "wrapper.app-extension"; includeInIndex = 0; path = ShadowExtension.appex; sourceTree = BUILT_PRODUCTS_DIR; };
		E11BEF0B1A12CAF100FB774C /* Info.plist */ = {isa = PBXFileReference; lastKnownFileType = text.plist.xml; path = Info.plist; sourceTree = "<group>"; };
		E11BEF0C1A12CAF100FB774C /* ShareViewController.swift */ = {isa = PBXFileReference; lastKnownFileType = sourcecode.swift; path = ShareViewController.swift; sourceTree = "<group>"; };
		E11BEF0E1A12CAF100FB774C /* MainInterface.storyboard */ = {isa = PBXFileReference; lastKnownFileType = file.storyboard; path = MainInterface.storyboard; sourceTree = "<group>"; };
		E11BEF171A1328FD00FB774C /* AudienceSelectionViewController.swift */ = {isa = PBXFileReference; fileEncoding = 4; lastKnownFileType = sourcecode.swift; path = AudienceSelectionViewController.swift; sourceTree = "<group>"; };
		E11BEF191A132A4B00FB774C /* MainViewController.swift */ = {isa = PBXFileReference; fileEncoding = 4; lastKnownFileType = sourcecode.swift; path = MainViewController.swift; sourceTree = "<group>"; };
		E11BEF1B1A132B4000FB774C /* SideBar.swift */ = {isa = PBXFileReference; fileEncoding = 4; lastKnownFileType = sourcecode.swift; path = SideBar.swift; sourceTree = "<group>"; };
		E11BEF1D1A132B5F00FB774C /* SideBarViewController.swift */ = {isa = PBXFileReference; fileEncoding = 4; lastKnownFileType = sourcecode.swift; path = SideBarViewController.swift; sourceTree = "<group>"; };
		E11BEF1F1A148E2300FB774C /* ShadowExtension.entitlements */ = {isa = PBXFileReference; lastKnownFileType = text.xml; path = ShadowExtension.entitlements; sourceTree = "<group>"; };
		E11BEF201A148EEB00FB774C /* Shadow.entitlements */ = {isa = PBXFileReference; lastKnownFileType = text.xml; path = Shadow.entitlements; sourceTree = "<group>"; };
		E11BEF211A1491CF00FB774C /* shadowplay_icon_76xa.png */ = {isa = PBXFileReference; lastKnownFileType = image.png; path = shadowplay_icon_76xa.png; sourceTree = "<group>"; };
		E11BEF221A1491CF00FB774C /* shadowplay_icon_120xa.png */ = {isa = PBXFileReference; lastKnownFileType = image.png; path = shadowplay_icon_120xa.png; sourceTree = "<group>"; };
		E11BEF231A1491CF00FB774C /* shadowplay_icon_152xa.png */ = {isa = PBXFileReference; lastKnownFileType = image.png; path = shadowplay_icon_152xa.png; sourceTree = "<group>"; };
		E11BEF241A1491CF00FB774C /* shadowplay_icon_180xa.png */ = {isa = PBXFileReference; lastKnownFileType = image.png; path = shadowplay_icon_180xa.png; sourceTree = "<group>"; };
		E11BEF2B1A14954D00FB774C /* CollectionViewCell.swift */ = {isa = PBXFileReference; fileEncoding = 4; lastKnownFileType = sourcecode.swift; path = CollectionViewCell.swift; sourceTree = "<group>"; };
		E11BEF2D1A1496F100FB774C /* CollectionViewController.swift */ = {isa = PBXFileReference; fileEncoding = 4; lastKnownFileType = sourcecode.swift; path = CollectionViewController.swift; sourceTree = "<group>"; };
/* End PBXFileReference section */

/* Begin PBXFrameworksBuildPhase section */
		E11BEEDC1A12CA4300FB774C /* Frameworks */ = {
			isa = PBXFrameworksBuildPhase;
			buildActionMask = 2147483647;
			files = (
			);
			runOnlyForDeploymentPostprocessing = 0;
		};
		E11BEEF11A12CA4300FB774C /* Frameworks */ = {
			isa = PBXFrameworksBuildPhase;
			buildActionMask = 2147483647;
			files = (
			);
			runOnlyForDeploymentPostprocessing = 0;
		};
		E11BEF051A12CAF100FB774C /* Frameworks */ = {
			isa = PBXFrameworksBuildPhase;
			buildActionMask = 2147483647;
			files = (
			);
			runOnlyForDeploymentPostprocessing = 0;
		};
/* End PBXFrameworksBuildPhase section */

/* Begin PBXGroup section */
		E11BEED61A12CA4300FB774C = {
			isa = PBXGroup;
			children = (
				E11BEEE11A12CA4300FB774C /* Shadow */,
				E11BEEF71A12CA4300FB774C /* ShadowTests */,
				E11BEF091A12CAF100FB774C /* ShadowExtension */,
				E11BEEE01A12CA4300FB774C /* Products */,
			);
			sourceTree = "<group>";
		};
		E11BEEE01A12CA4300FB774C /* Products */ = {
			isa = PBXGroup;
			children = (
				E11BEEDF1A12CA4300FB774C /* Shadow.app */,
				E11BEEF41A12CA4300FB774C /* ShadowTests.xctest */,
				E11BEF081A12CAF100FB774C /* ShadowExtension.appex */,
			);
			name = Products;
			sourceTree = "<group>";
		};
		E11BEEE11A12CA4300FB774C /* Shadow */ = {
			isa = PBXGroup;
			children = (
				E11BEEE81A12CA4300FB774C /* Main.storyboard */,
				E11BEF201A148EEB00FB774C /* Shadow.entitlements */,
				E11BEEE41A12CA4300FB774C /* AppDelegate.swift */,
				E11BEEE61A12CA4300FB774C /* ViewController.swift */,
				E11BEEEB1A12CA4300FB774C /* Images.xcassets */,
				E11BEEED1A12CA4300FB774C /* LaunchScreen.xib */,
				E11BEEE21A12CA4300FB774C /* Supporting Files */,
				E11BEF191A132A4B00FB774C /* MainViewController.swift */,
				E11BEF1B1A132B4000FB774C /* SideBar.swift */,
				E11BEF1D1A132B5F00FB774C /* SideBarViewController.swift */,
				E11BEF2B1A14954D00FB774C /* CollectionViewCell.swift */,
				E11BEF2D1A1496F100FB774C /* CollectionViewController.swift */,
			);
			path = Shadow;
			sourceTree = "<group>";
		};
		E11BEEE21A12CA4300FB774C /* Supporting Files */ = {
			isa = PBXGroup;
			children = (
				E11BEF211A1491CF00FB774C /* shadowplay_icon_76xa.png */,
				E11BEF221A1491CF00FB774C /* shadowplay_icon_120xa.png */,
				E11BEF231A1491CF00FB774C /* shadowplay_icon_152xa.png */,
				E11BEF241A1491CF00FB774C /* shadowplay_icon_180xa.png */,
				E11BEEE31A12CA4300FB774C /* Info.plist */,
			);
			name = "Supporting Files";
			sourceTree = "<group>";
		};
		E11BEEF71A12CA4300FB774C /* ShadowTests */ = {
			isa = PBXGroup;
			children = (
				E11BEEFA1A12CA4300FB774C /* ShadowTests.swift */,
				E11BEEF81A12CA4300FB774C /* Supporting Files */,
			);
			path = ShadowTests;
			sourceTree = "<group>";
		};
		E11BEEF81A12CA4300FB774C /* Supporting Files */ = {
			isa = PBXGroup;
			children = (
				E11BEEF91A12CA4300FB774C /* Info.plist */,
			);
			name = "Supporting Files";
			sourceTree = "<group>";
		};
		E11BEF091A12CAF100FB774C /* ShadowExtension */ = {
			isa = PBXGroup;
			children = (
				E11BEF1F1A148E2300FB774C /* ShadowExtension.entitlements */,
				E11BEF0C1A12CAF100FB774C /* ShareViewController.swift */,
				E11BEF0E1A12CAF100FB774C /* MainInterface.storyboard */,
				E11BEF0A1A12CAF100FB774C /* Supporting Files */,
				E11BEF171A1328FD00FB774C /* AudienceSelectionViewController.swift */,
			);
			path = ShadowExtension;
			sourceTree = "<group>";
		};
		E11BEF0A1A12CAF100FB774C /* Supporting Files */ = {
			isa = PBXGroup;
			children = (
				E11BEF0B1A12CAF100FB774C /* Info.plist */,
			);
			name = "Supporting Files";
			sourceTree = "<group>";
		};
/* End PBXGroup section */

/* Begin PBXNativeTarget section */
		E11BEEDE1A12CA4300FB774C /* Shadow */ = {
			isa = PBXNativeTarget;
			buildConfigurationList = E11BEEFE1A12CA4300FB774C /* Build configuration list for PBXNativeTarget "Shadow" */;
			buildPhases = (
				E11BEEDB1A12CA4300FB774C /* Sources */,
				E11BEEDC1A12CA4300FB774C /* Frameworks */,
				E11BEEDD1A12CA4300FB774C /* Resources */,
				E11BEF161A12CAF100FB774C /* Embed App Extensions */,
			);
			buildRules = (
			);
			dependencies = (
				E11BEF111A12CAF100FB774C /* PBXTargetDependency */,
			);
			name = Shadow;
			productName = Shadow;
			productReference = E11BEEDF1A12CA4300FB774C /* Shadow.app */;
			productType = "com.apple.product-type.application";
		};
		E11BEEF31A12CA4300FB774C /* ShadowTests */ = {
			isa = PBXNativeTarget;
			buildConfigurationList = E11BEF011A12CA4300FB774C /* Build configuration list for PBXNativeTarget "ShadowTests" */;
			buildPhases = (
				E11BEEF01A12CA4300FB774C /* Sources */,
				E11BEEF11A12CA4300FB774C /* Frameworks */,
				E11BEEF21A12CA4300FB774C /* Resources */,
			);
			buildRules = (
			);
			dependencies = (
				E11BEEF61A12CA4300FB774C /* PBXTargetDependency */,
			);
			name = ShadowTests;
			productName = ShadowTests;
			productReference = E11BEEF41A12CA4300FB774C /* ShadowTests.xctest */;
			productType = "com.apple.product-type.bundle.unit-test";
		};
		E11BEF071A12CAF100FB774C /* ShadowExtension */ = {
			isa = PBXNativeTarget;
			buildConfigurationList = E11BEF131A12CAF100FB774C /* Build configuration list for PBXNativeTarget "ShadowExtension" */;
			buildPhases = (
				E11BEF041A12CAF100FB774C /* Sources */,
				E11BEF051A12CAF100FB774C /* Frameworks */,
				E11BEF061A12CAF100FB774C /* Resources */,
			);
			buildRules = (
			);
			dependencies = (
			);
			name = ShadowExtension;
			productName = ShadowExtension;
			productReference = E11BEF081A12CAF100FB774C /* ShadowExtension.appex */;
			productType = "com.apple.product-type.app-extension";
		};
/* End PBXNativeTarget section */

/* Begin PBXProject section */
		E11BEED71A12CA4300FB774C /* Project object */ = {
			isa = PBXProject;
			attributes = {
				LastUpgradeCheck = 0610;
				ORGANIZATIONNAME = Dx;
				TargetAttributes = {
					E11BEEDE1A12CA4300FB774C = {
						CreatedOnToolsVersion = 6.1;
						DevelopmentTeam = J42N2J85M6;
						SystemCapabilities = {
							com.apple.ApplicationGroups.iOS = {
								enabled = 1;
							};
						};
					};
					E11BEEF31A12CA4300FB774C = {
						CreatedOnToolsVersion = 6.1;
						TestTargetID = E11BEEDE1A12CA4300FB774C;
					};
					E11BEF071A12CAF100FB774C = {
						CreatedOnToolsVersion = 6.1;
						DevelopmentTeam = J42N2J85M6;
						SystemCapabilities = {
							com.apple.ApplicationGroups.iOS = {
								enabled = 1;
							};
						};
					};
				};
			};
			buildConfigurationList = E11BEEDA1A12CA4300FB774C /* Build configuration list for PBXProject "Shadow" */;
			compatibilityVersion = "Xcode 3.2";
			developmentRegion = English;
			hasScannedForEncodings = 0;
			knownRegions = (
				en,
				Base,
			);
			mainGroup = E11BEED61A12CA4300FB774C;
			productRefGroup = E11BEEE01A12CA4300FB774C /* Products */;
			projectDirPath = "";
			projectRoot = "";
			targets = (
				E11BEEDE1A12CA4300FB774C /* Shadow */,
				E11BEEF31A12CA4300FB774C /* ShadowTests */,
				E11BEF071A12CAF100FB774C /* ShadowExtension */,
			);
		};
/* End PBXProject section */

/* Begin PBXResourcesBuildPhase section */
		E11BEEDD1A12CA4300FB774C /* Resources */ = {
			isa = PBXResourcesBuildPhase;
			buildActionMask = 2147483647;
			files = (
				E11BEF271A1491CF00FB774C /* shadowplay_icon_152xa.png in Resources */,
				E11BEF251A1491CF00FB774C /* shadowplay_icon_76xa.png in Resources */,
				E11BEEEA1A12CA4300FB774C /* Main.storyboard in Resources */,
				E11BEEEF1A12CA4300FB774C /* LaunchScreen.xib in Resources */,
				E11BEF281A1491CF00FB774C /* shadowplay_icon_180xa.png in Resources */,
				E11BEF261A1491CF00FB774C /* shadowplay_icon_120xa.png in Resources */,
				E11BEEEC1A12CA4300FB774C /* Images.xcassets in Resources */,
			);
			runOnlyForDeploymentPostprocessing = 0;
		};
		E11BEEF21A12CA4300FB774C /* Resources */ = {
			isa = PBXResourcesBuildPhase;
			buildActionMask = 2147483647;
			files = (
			);
			runOnlyForDeploymentPostprocessing = 0;
		};
		E11BEF061A12CAF100FB774C /* Resources */ = {
			isa = PBXResourcesBuildPhase;
			buildActionMask = 2147483647;
			files = (
				E11BEF0F1A12CAF100FB774C /* MainInterface.storyboard in Resources */,
			);
			runOnlyForDeploymentPostprocessing = 0;
		};
/* End PBXResourcesBuildPhase section */

/* Begin PBXSourcesBuildPhase section */
		E11BEEDB1A12CA4300FB774C /* Sources */ = {
			isa = PBXSourcesBuildPhase;
			buildActionMask = 2147483647;
			files = (
				E11BEF1A1A132A4B00FB774C /* MainViewController.swift in Sources */,
				E11BEEE71A12CA4300FB774C /* ViewController.swift in Sources */,
				E11BEF2C1A14954D00FB774C /* CollectionViewCell.swift in Sources */,
				E11BEF1E1A132B5F00FB774C /* SideBarViewController.swift in Sources */,
				E11BEF2E1A1496F100FB774C /* CollectionViewController.swift in Sources */,
				E11BEF1C1A132B4000FB774C /* SideBar.swift in Sources */,
				E11BEEE51A12CA4300FB774C /* AppDelegate.swift in Sources */,
			);
			runOnlyForDeploymentPostprocessing = 0;
		};
		E11BEEF01A12CA4300FB774C /* Sources */ = {
			isa = PBXSourcesBuildPhase;
			buildActionMask = 2147483647;
			files = (
				E11BEEFB1A12CA4300FB774C /* ShadowTests.swift in Sources */,
			);
			runOnlyForDeploymentPostprocessing = 0;
		};
		E11BEF041A12CAF100FB774C /* Sources */ = {
			isa = PBXSourcesBuildPhase;
			buildActionMask = 2147483647;
			files = (
				E11BEF0D1A12CAF100FB774C /* ShareViewController.swift in Sources */,
				E11BEF181A1328FD00FB774C /* AudienceSelectionViewController.swift in Sources */,
			);
			runOnlyForDeploymentPostprocessing = 0;
		};
/* End PBXSourcesBuildPhase section */

/* Begin PBXTargetDependency section */
		E11BEEF61A12CA4300FB774C /* PBXTargetDependency */ = {
			isa = PBXTargetDependency;
			target = E11BEEDE1A12CA4300FB774C /* Shadow */;
			targetProxy = E11BEEF51A12CA4300FB774C /* PBXContainerItemProxy */;
		};
		E11BEF111A12CAF100FB774C /* PBXTargetDependency */ = {
			isa = PBXTargetDependency;
			target = E11BEF071A12CAF100FB774C /* ShadowExtension */;
			targetProxy = E11BEF101A12CAF100FB774C /* PBXContainerItemProxy */;
		};
/* End PBXTargetDependency section */

/* Begin PBXVariantGroup section */
		E11BEEE81A12CA4300FB774C /* Main.storyboard */ = {
			isa = PBXVariantGroup;
			children = (
				E11BEEE91A12CA4300FB774C /* Base */,
			);
			name = Main.storyboard;
			sourceTree = "<group>";
		};
		E11BEEED1A12CA4300FB774C /* LaunchScreen.xib */ = {
			isa = PBXVariantGroup;
			children = (
				E11BEEEE1A12CA4300FB774C /* Base */,
			);
			name = LaunchScreen.xib;
			sourceTree = "<group>";
		};
/* End PBXVariantGroup section */

/* Begin XCBuildConfiguration section */
		E11BEEFC1A12CA4300FB774C /* Debug */ = {
			isa = XCBuildConfiguration;
			buildSettings = {
				ALWAYS_SEARCH_USER_PATHS = NO;
				CLANG_CXX_LANGUAGE_STANDARD = "gnu++0x";
				CLANG_CXX_LIBRARY = "libc++";
				CLANG_ENABLE_MODULES = YES;
				CLANG_ENABLE_OBJC_ARC = YES;
				CLANG_WARN_BOOL_CONVERSION = YES;
				CLANG_WARN_CONSTANT_CONVERSION = YES;
				CLANG_WARN_DIRECT_OBJC_ISA_USAGE = YES_ERROR;
				CLANG_WARN_EMPTY_BODY = YES;
				CLANG_WARN_ENUM_CONVERSION = YES;
				CLANG_WARN_INT_CONVERSION = YES;
				CLANG_WARN_OBJC_ROOT_CLASS = YES_ERROR;
				CLANG_WARN_UNREACHABLE_CODE = YES;
				CLANG_WARN__DUPLICATE_METHOD_MATCH = YES;
				"CODE_SIGN_IDENTITY[sdk=iphoneos*]" = "iPhone Developer";
				COPY_PHASE_STRIP = NO;
				ENABLE_STRICT_OBJC_MSGSEND = YES;
				GCC_C_LANGUAGE_STANDARD = gnu99;
				GCC_DYNAMIC_NO_PIC = NO;
				GCC_OPTIMIZATION_LEVEL = 0;
				GCC_PREPROCESSOR_DEFINITIONS = (
					"DEBUG=1",
					"$(inherited)",
				);
				GCC_SYMBOLS_PRIVATE_EXTERN = NO;
				GCC_WARN_64_TO_32_BIT_CONVERSION = YES;
				GCC_WARN_ABOUT_RETURN_TYPE = YES_ERROR;
				GCC_WARN_UNDECLARED_SELECTOR = YES;
				GCC_WARN_UNINITIALIZED_AUTOS = YES_AGGRESSIVE;
				GCC_WARN_UNUSED_FUNCTION = YES;
				GCC_WARN_UNUSED_VARIABLE = YES;
				IPHONEOS_DEPLOYMENT_TARGET = 8.1;
				MTL_ENABLE_DEBUG_INFO = YES;
				ONLY_ACTIVE_ARCH = YES;
				SDKROOT = iphoneos;
				SWIFT_OPTIMIZATION_LEVEL = "-Onone";
				TARGETED_DEVICE_FAMILY = "1,2";
			};
			name = Debug;
		};
		E11BEEFD1A12CA4300FB774C /* Release */ = {
			isa = XCBuildConfiguration;
			buildSettings = {
				ALWAYS_SEARCH_USER_PATHS = NO;
				CLANG_CXX_LANGUAGE_STANDARD = "gnu++0x";
				CLANG_CXX_LIBRARY = "libc++";
				CLANG_ENABLE_MODULES = YES;
				CLANG_ENABLE_OBJC_ARC = YES;
				CLANG_WARN_BOOL_CONVERSION = YES;
				CLANG_WARN_CONSTANT_CONVERSION = YES;
				CLANG_WARN_DIRECT_OBJC_ISA_USAGE = YES_ERROR;
				CLANG_WARN_EMPTY_BODY = YES;
				CLANG_WARN_ENUM_CONVERSION = YES;
				CLANG_WARN_INT_CONVERSION = YES;
				CLANG_WARN_OBJC_ROOT_CLASS = YES_ERROR;
				CLANG_WARN_UNREACHABLE_CODE = YES;
				CLANG_WARN__DUPLICATE_METHOD_MATCH = YES;
				"CODE_SIGN_IDENTITY[sdk=iphoneos*]" = "iPhone Developer";
				COPY_PHASE_STRIP = YES;
				ENABLE_NS_ASSERTIONS = NO;
				ENABLE_STRICT_OBJC_MSGSEND = YES;
				GCC_C_LANGUAGE_STANDARD = gnu99;
				GCC_WARN_64_TO_32_BIT_CONVERSION = YES;
				GCC_WARN_ABOUT_RETURN_TYPE = YES_ERROR;
				GCC_WARN_UNDECLARED_SELECTOR = YES;
				GCC_WARN_UNINITIALIZED_AUTOS = YES_AGGRESSIVE;
				GCC_WARN_UNUSED_FUNCTION = YES;
				GCC_WARN_UNUSED_VARIABLE = YES;
				IPHONEOS_DEPLOYMENT_TARGET = 8.1;
				MTL_ENABLE_DEBUG_INFO = NO;
				SDKROOT = iphoneos;
				TARGETED_DEVICE_FAMILY = "1,2";
				VALIDATE_PRODUCT = YES;
			};
			name = Release;
		};
		E11BEEFF1A12CA4300FB774C /* Debug */ = {
			isa = XCBuildConfiguration;
			buildSettings = {
				ASSETCATALOG_COMPILER_APPICON_NAME = AppIcon;
				CODE_SIGN_ENTITLEMENTS = Shadow/Shadow.entitlements;
				CODE_SIGN_IDENTITY = "iPhone Developer";
				"CODE_SIGN_IDENTITY[sdk=iphoneos*]" = "iPhone Developer";
				EMBEDDED_CONTENT_CONTAINS_SWIFT = YES;
				INFOPLIST_FILE = Shadow/Info.plist;
				LD_RUNPATH_SEARCH_PATHS = "$(inherited) @executable_path/Frameworks";
				PRODUCT_NAME = "$(TARGET_NAME)";
				PROVISIONING_PROFILE = "369dfe63-93f5-4ec7-bc3d-e7e6fdc6ee33";
			};
			name = Debug;
		};
		E11BEF001A12CA4300FB774C /* Release */ = {
			isa = XCBuildConfiguration;
			buildSettings = {
				ASSETCATALOG_COMPILER_APPICON_NAME = AppIcon;
				CODE_SIGN_ENTITLEMENTS = Shadow/Shadow.entitlements;
				CODE_SIGN_IDENTITY = "iPhone Developer";
				"CODE_SIGN_IDENTITY[sdk=iphoneos*]" = "iPhone Developer";
				EMBEDDED_CONTENT_CONTAINS_SWIFT = YES;
				INFOPLIST_FILE = Shadow/Info.plist;
				LD_RUNPATH_SEARCH_PATHS = "$(inherited) @executable_path/Frameworks";
				PRODUCT_NAME = "$(TARGET_NAME)";
				PROVISIONING_PROFILE = "369dfe63-93f5-4ec7-bc3d-e7e6fdc6ee33";
			};
			name = Release;
		};
		E11BEF021A12CA4300FB774C /* Debug */ = {
			isa = XCBuildConfiguration;
			buildSettings = {
				BUNDLE_LOADER = "$(TEST_HOST)";
				FRAMEWORK_SEARCH_PATHS = (
					"$(SDKROOT)/Developer/Library/Frameworks",
					"$(inherited)",
				);
				GCC_PREPROCESSOR_DEFINITIONS = (
					"DEBUG=1",
					"$(inherited)",
				);
				INFOPLIST_FILE = ShadowTests/Info.plist;
				LD_RUNPATH_SEARCH_PATHS = "$(inherited) @executable_path/Frameworks @loader_path/Frameworks";
				PRODUCT_NAME = "$(TARGET_NAME)";
				TEST_HOST = "$(BUILT_PRODUCTS_DIR)/Shadow.app/Shadow";
			};
			name = Debug;
		};
		E11BEF031A12CA4300FB774C /* Release */ = {
			isa = XCBuildConfiguration;
			buildSettings = {
				BUNDLE_LOADER = "$(TEST_HOST)";
				FRAMEWORK_SEARCH_PATHS = (
					"$(SDKROOT)/Developer/Library/Frameworks",
					"$(inherited)",
				);
				INFOPLIST_FILE = ShadowTests/Info.plist;
				LD_RUNPATH_SEARCH_PATHS = "$(inherited) @executable_path/Frameworks @loader_path/Frameworks";
				PRODUCT_NAME = "$(TARGET_NAME)";
				TEST_HOST = "$(BUILT_PRODUCTS_DIR)/Shadow.app/Shadow";
			};
			name = Release;
		};
		E11BEF141A12CAF100FB774C /* Debug */ = {
			isa = XCBuildConfiguration;
			buildSettings = {
				CODE_SIGN_ENTITLEMENTS = ShadowExtension/ShadowExtension.entitlements;
				CODE_SIGN_IDENTITY = "iPhone Developer";
				"CODE_SIGN_IDENTITY[sdk=iphoneos*]" = "iPhone Developer";
				GCC_PREPROCESSOR_DEFINITIONS = (
					"DEBUG=1",
					"$(inherited)",
				);
				INFOPLIST_FILE = ShadowExtension/Info.plist;
				LD_RUNPATH_SEARCH_PATHS = "$(inherited) @executable_path/Frameworks @executable_path/../../Frameworks";
				PRODUCT_NAME = "$(TARGET_NAME)";
				PROVISIONING_PROFILE = "";
				SKIP_INSTALL = YES;
			};
			name = Debug;
		};
		E11BEF151A12CAF100FB774C /* Release */ = {
			isa = XCBuildConfiguration;
			buildSettings = {
				CODE_SIGN_ENTITLEMENTS = ShadowExtension/ShadowExtension.entitlements;
				CODE_SIGN_IDENTITY = "iPhone Developer";
				"CODE_SIGN_IDENTITY[sdk=iphoneos*]" = "iPhone Developer";
				INFOPLIST_FILE = ShadowExtension/Info.plist;
				LD_RUNPATH_SEARCH_PATHS = "$(inherited) @executable_path/Frameworks @executable_path/../../Frameworks";
				PRODUCT_NAME = "$(TARGET_NAME)";
				PROVISIONING_PROFILE = "";
				SKIP_INSTALL = YES;
			};
			name = Release;
		};
/* End XCBuildConfiguration section */

/* Begin XCConfigurationList section */
		E11BEEDA1A12CA4300FB774C /* Build configuration list for PBXProject "Shadow" */ = {
			isa = XCConfigurationList;
			buildConfigurations = (
				E11BEEFC1A12CA4300FB774C /* Debug */,
				E11BEEFD1A12CA4300FB774C /* Release */,
			);
			defaultConfigurationIsVisible = 0;
			defaultConfigurationName = Release;
		};
		E11BEEFE1A12CA4300FB774C /* Build configuration list for PBXNativeTarget "Shadow" */ = {
			isa = XCConfigurationList;
			buildConfigurations = (
				E11BEEFF1A12CA4300FB774C /* Debug */,
				E11BEF001A12CA4300FB774C /* Release */,
			);
			defaultConfigurationIsVisible = 0;
			defaultConfigurationName = Release;
		};
		E11BEF011A12CA4300FB774C /* Build configuration list for PBXNativeTarget "ShadowTests" */ = {
			isa = XCConfigurationList;
			buildConfigurations = (
				E11BEF021A12CA4300FB774C /* Debug */,
				E11BEF031A12CA4300FB774C /* Release */,
			);
			defaultConfigurationIsVisible = 0;
			defaultConfigurationName = Release;
		};
		E11BEF131A12CAF100FB774C /* Build configuration list for PBXNativeTarget "ShadowExtension" */ = {
			isa = XCConfigurationList;
			buildConfigurations = (
				E11BEF141A12CAF100FB774C /* Debug */,
				E11BEF151A12CAF100FB774C /* Release */,
			);
			defaultConfigurationIsVisible = 0;
			defaultConfigurationName = Release;
		};
/* End XCConfigurationList section */
	};
	rootObject = E11BEED71A12CA4300FB774C /* Project object */;
}
